
Microsoft Visual Studio Solution File, Format Version 10.00
# Visual Studio 2008
Project("{8BC9CEB8-8B4A-11D0-8D11-00A0C91BC942}") = "AloneLZMA", "AloneLZMA.vcproj", "{9EEB6507-13EA-4378-AC9E-B93278FEFCC2}"
EndProject
Global
	GlobalSection(SolutionConfigurationPlatforms) = preSolution
		Debug|Win32 = Debug|Win32
		DebugU|Win32 = DebugU|Win32
		Release|Win32 = Release|Win32
		ReleaseU|Win32 = ReleaseU|Win32
	EndGlobalSection
	GlobalSection(ProjectConfigurationPlatforms) = postSolution
		{9EEB6507-13EA-4378-AC9E-B93278FEFCC2}.Debug|Win32.ActiveCfg = Debug|Win32
		{9EEB6507-13EA-4378-AC9E-B93278FEFCC2}.Debug|Win32.Build.0 = Debug|Win32
		{9EEB6507-13EA-4378-AC9E-B93278FEFCC2}.DebugU|Win32.ActiveCfg = DebugU|Win32
		{9EEB6507-13EA-4378-AC9E-B93278FEFCC2}.DebugU|Win32.Build.0 = DebugU|Win32
		{9EEB6507-13EA-4378-AC9E-B93278FEFCC2}.Release|Win32.ActiveCfg = Release|Win32
		{9EEB6507-13EA-4378-AC9E-B93278FEFCC2}.Release|Win32.Build.0 = Release|Win32
		{9EEB6507-13EA-4378-AC9E-B93278FEFCC2}.ReleaseU|Win32.ActiveCfg = ReleaseU|Win32
		{9EEB6507-13EA-4378-AC9E-B93278FEFCC2}.ReleaseU|Win32.Build.0 = ReleaseU|Win32
	EndGlobalSection
	GlobalSection(SolutionProperties) = preSolution
		HideSolutionNode = FALSE
	EndGlobalSection
EndGlobal
