
Microsoft Visual Studio Solution File, Format Version 10.00
# Visual Studio 2008
Project("{8BC9CEB8-8B4A-11D0-8D11-00A0C91BC942}") = "botf2", "botf2.vcproj", "{5A569755-0BE5-4E97-9318-FA8BA42C4F03}"
EndProject
Global
	GlobalSection(SolutionConfigurationPlatforms) = preSolution
		Debug|Win32 = Debug|Win32
		Release|Win32 = Release|Win32
	EndGlobalSection
	GlobalSection(ProjectConfigurationPlatforms) = postSolution
		{5A569755-0BE5-4E97-9318-FA8BA42C4F03}.Debug|Win32.ActiveCfg = Debug|Win32
		{5A569755-0BE5-4E97-9318-FA8BA42C4F03}.Debug|Win32.Build.0 = Debug|Win32
		{5A569755-0BE5-4E97-9318-FA8BA42C4F03}.Release|Win32.ActiveCfg = Release|Win32
		{5A569755-0BE5-4E97-9318-FA8BA42C4F03}.Release|Win32.Build.0 = Release|Win32
	EndGlobalSection
	GlobalSection(SolutionProperties) = preSolution
		HideSolutionNode = FALSE
	EndGlobalSection
	GlobalSection(ExtensibilityGlobals) = postSolution
		AMDCaProjectFile = F:\C++\Projekte\BotE Projekt\BotE Source\SVN\Bote\CodeAnalyst\botf2.caw
	EndGlobalSection
EndGlobal
