<?xml version="1.0" encoding="utf-8"?>
<Project ToolsVersion="4.0" xmlns="http://schemas.microsoft.com/developer/msbuild/2003">
  <ItemGroup>
    <Filter Include="Quelldateien">
      <UniqueIdentifier>{4FC737F1-C7A5-4376-A066-2A32D752A2FF}</UniqueIdentifier>
      <Extensions>cpp;c;cc;cxx;def;odl;idl;hpj;bat;asm;asmx</Extensions>
    </Filter>
    <Filter Include="Headerdateien">
      <UniqueIdentifier>{93995380-89BD-4b04-88EB-625FBE52EBFB}</UniqueIdentifier>
      <Extensions>h;hpp;hxx;hm;inl;inc;xsd</Extensions>
    </Filter>
    <Filter Include="Ressourcendateien">
      <UniqueIdentifier>{67DA6AB6-F800-4c08-8B7A-83BB121AAD01}</UniqueIdentifier>
      <Extensions>rc;ico;cur;bmp;dlg;rc2;rct;bin;rgs;gif;jpg;jpeg;jpe;resx;tiff;tif;png;wav</Extensions>
    </Filter>
  </ItemGroup>
  <ItemGroup>
    <ClCompile Include="BeamWeapons.cpp">
      <Filter>Quelldateien</Filter>
    </ClCompile>
    <ClCompile Include="Combat.cpp">
      <Filter>Quelldateien</Filter>
    </ClCompile>
    <ClCompile Include="CombatShip.cpp">
      <Filter>Quelldateien</Filter>
    </ClCompile>
    <ClCompile Include="CombatSimulator.cpp">
      <Filter>Quelldateien</Filter>
    </ClCompile>
    <ClCompile Include="CombatSimulatorDoc.cpp">
      <Filter>Quelldateien</Filter>
    </ClCompile>
    <ClCompile Include="CombatSimulatorView.cpp">
      <Filter>Quelldateien</Filter>
    </ClCompile>
    <ClCompile Include="FireArc.cpp">
      <Filter>Quelldateien</Filter>
    </ClCompile>
    <ClCompile Include="Fleet.cpp">
      <Filter>Quelldateien</Filter>
    </ClCompile>
    <ClCompile Include="Hull.cpp">
      <Filter>Quelldateien</Filter>
    </ClCompile>
    <ClCompile Include="MainFrm.cpp">
      <Filter>Quelldateien</Filter>
    </ClCompile>
    <ClCompile Include="ResourceManager.cpp">
      <Filter>Quelldateien</Filter>
    </ClCompile>
    <ClCompile Include="Shield.cpp">
      <Filter>Quelldateien</Filter>
    </ClCompile>
    <ClCompile Include="Ship.cpp">
      <Filter>Quelldateien</Filter>
    </ClCompile>
    <ClCompile Include="ShipInfo.cpp">
      <Filter>Quelldateien</Filter>
    </ClCompile>
    <ClCompile Include="stdafx.cpp">
      <Filter>Quelldateien</Filter>
    </ClCompile>
    <ClCompile Include="Torpedo.cpp">
      <Filter>Quelldateien</Filter>
    </ClCompile>
    <ClCompile Include="TorpedoInfo.cpp">
      <Filter>Quelldateien</Filter>
    </ClCompile>
    <ClCompile Include="TorpedoWeapons.cpp">
      <Filter>Quelldateien</Filter>
    </ClCompile>
    <ClCompile Include="Troop.cpp">
      <Filter>Quelldateien</Filter>
    </ClCompile>
    <ClCompile Include="TroopInfo.cpp">
      <Filter>Quelldateien</Filter>
    </ClCompile>
    <ClCompile Include="BeamSceneNode.cpp">
      <Filter>Quelldateien</Filter>
    </ClCompile>
    <ClCompile Include="EventReceiver.cpp">
      <Filter>Quelldateien</Filter>
    </ClCompile>
  </ItemGroup>
  <ItemGroup>
    <ClInclude Include="BeamWeapons.h">
      <Filter>Headerdateien</Filter>
    </ClInclude>
    <ClInclude Include="Combat.h">
      <Filter>Headerdateien</Filter>
    </ClInclude>
    <ClInclude Include="CombatShip.h">
      <Filter>Headerdateien</Filter>
    </ClInclude>
    <ClInclude Include="CombatSimulator.h">
      <Filter>Headerdateien</Filter>
    </ClInclude>
    <ClInclude Include="CombatSimulatorDoc.h">
      <Filter>Headerdateien</Filter>
    </ClInclude>
    <ClInclude Include="CombatSimulatorView.h">
      <Filter>Headerdateien</Filter>
    </ClInclude>
    <ClInclude Include="FireArc.h">
      <Filter>Headerdateien</Filter>
    </ClInclude>
    <ClInclude Include="Fleet.h">
      <Filter>Headerdateien</Filter>
    </ClInclude>
    <ClInclude Include="Hull.h">
      <Filter>Headerdateien</Filter>
    </ClInclude>
    <ClInclude Include="MainFrm.h">
      <Filter>Headerdateien</Filter>
    </ClInclude>
    <ClInclude Include="memdc.h">
      <Filter>Headerdateien</Filter>
    </ClInclude>
    <ClInclude Include="Options.h">
      <Filter>Headerdateien</Filter>
    </ClInclude>
    <ClInclude Include="Resource.h">
      <Filter>Headerdateien</Filter>
    </ClInclude>
    <ClInclude Include="ResourceManager.h">
      <Filter>Headerdateien</Filter>
    </ClInclude>
    <ClInclude Include="Shield.h">
      <Filter>Headerdateien</Filter>
    </ClInclude>
    <ClInclude Include="Ship.h">
      <Filter>Headerdateien</Filter>
    </ClInclude>
    <ClInclude Include="ShipInfo.h">
      <Filter>Headerdateien</Filter>
    </ClInclude>
    <ClInclude Include="stdafx.h">
      <Filter>Headerdateien</Filter>
    </ClInclude>
    <ClInclude Include="Torpedo.h">
      <Filter>Headerdateien</Filter>
    </ClInclude>
    <ClInclude Include="TorpedoInfo.h">
      <Filter>Headerdateien</Filter>
    </ClInclude>
    <ClInclude Include="TorpedoWeapons.h">
      <Filter>Headerdateien</Filter>
    </ClInclude>
    <ClInclude Include="Troop.h">
      <Filter>Headerdateien</Filter>
    </ClInclude>
    <ClInclude Include="TroopInfo.h">
      <Filter>Headerdateien</Filter>
    </ClInclude>
    <ClInclude Include="Vec3.h">
      <Filter>Headerdateien</Filter>
    </ClInclude>
    <ClInclude Include="BeamSceneNode.h">
      <Filter>Headerdateien</Filter>
    </ClInclude>
    <ClInclude Include="EventReceiver.h">
      <Filter>Headerdateien</Filter>
    </ClInclude>
  </ItemGroup>
  <ItemGroup>
    <None Include="..\..\..\..\BotE Source\BotE_Work\res\BOTE.ICO">
      <Filter>Ressourcendateien</Filter>
    </None>
    <None Include="..\..\BotE Source\BotE_Work\res\BOTE.ico">
      <Filter>Ressourcendateien</Filter>
    </None>
    <None Include="res\CombatSimulator.ico">
      <Filter>Ressourcendateien</Filter>
    </None>
    <None Include="res\CombatSimulator.rc2">
      <Filter>Ressourcendateien</Filter>
    </None>
    <None Include="res\CombatSimulatorDoc.ico">
      <Filter>Ressourcendateien</Filter>
    </None>
    <None Include="res\icon2.ico">
      <Filter>Ressourcendateien</Filter>
    </None>
    <None Include="res\Toolbar.bmp">
      <Filter>Ressourcendateien</Filter>
    </None>
    <None Include="ReadMe.txt" />
    <None Include="..\..\..\..\irrlicht-1.7.2\bin\Win32-VisualStudio\Irrlicht.dll" />
  </ItemGroup>
  <ItemGroup>
    <ResourceCompile Include="CombatSimulator.rc">
      <Filter>Ressourcendateien</Filter>
    </ResourceCompile>
  </ItemGroup>
</Project>
